// !$*UTF8*$!
{
	archiveVersion = 1;
	classes = {
	};
	objectVersion = 51;
	objects = {

/* Begin PBXBuildFile section */
		4022000124F0A0D800FF9850 /* AppDelegate.swift in Sources */ = {isa = PBXBuildFile; fileRef = 4022000024F0A0D800FF9850 /* AppDelegate.swift */; };
		4022000324F0A0D800FF9850 /* SceneDelegate.swift in Sources */ = {isa = PBXBuildFile; fileRef = 4022000224F0A0D800FF9850 /* SceneDelegate.swift */; };
		4022000A24F0A0DC00FF9850 /* Assets.xcassets in Resources */ = {isa = PBXBuildFile; fileRef = 4022000924F0A0DC00FF9850 /* Assets.xcassets */; };
		4022000D24F0A0DC00FF9850 /* LaunchScreen.storyboard in Resources */ = {isa = PBXBuildFile; fileRef = 4022000B24F0A0DC00FF9850 /* LaunchScreen.storyboard */; };
		4022001824F0EE0B00FF9850 /* ViewController.swift in Sources */ = {isa = PBXBuildFile; fileRef = 4022000424F0A0D800FF9850 /* ViewController.swift */; };
		4022001924F0F16200FF9850 /* Main.storyboard in Resources */ = {isa = PBXBuildFile; fileRef = 4022000624F0A0D800FF9850 /* Main.storyboard */; };
		4022001B24F0F1CC00FF9850 /* PokemonTableViewCell.swift in Sources */ = {isa = PBXBuildFile; fileRef = 4022001A24F0F1CC00FF9850 /* PokemonTableViewCell.swift */; };
		40C948B1256ADCC800DE7510 /* Util.swift in Sources */ = {isa = PBXBuildFile; fileRef = 40C948B0256ADCC800DE7510 /* Util.swift */; };
		40C948BA256ADD6D00DE7510 /* PokemonStruct.swift in Sources */ = {isa = PBXBuildFile; fileRef = 40C948B9256ADD6D00DE7510 /* PokemonStruct.swift */; };
		40C948BE256AE17300DE7510 /* PokemonController.swift in Sources */ = {isa = PBXBuildFile; fileRef = 40C948BD256AE17300DE7510 /* PokemonController.swift */; };
		40C948C2256AE1E800DE7510 /* Constants.swift in Sources */ = {isa = PBXBuildFile; fileRef = 40C948C1256AE1E800DE7510 /* Constants.swift */; };
		40C948D1256AF76500DE7510 /* PokemonListViewController.swift in Sources */ = {isa = PBXBuildFile; fileRef = 40C948D0256AF76500DE7510 /* PokemonListViewController.swift */; };
		40DDC0F3256B138B00E4BCFD /* CardView.swift in Sources */ = {isa = PBXBuildFile; fileRef = 40DDC0F2256B138B00E4BCFD /* CardView.swift */; };
		40DDC0F6256B139E00E4BCFD /* GradientView.swift in Sources */ = {isa = PBXBuildFile; fileRef = 40DDC0F5256B139E00E4BCFD /* GradientView.swift */; };
		8B85EC597DA62DD4DB32FF57 /* Pods_pokedex.framework in Frameworks */ = {isa = PBXBuildFile; fileRef = F024D291D0C9413E5D159301 /* Pods_pokedex.framework */; };
/* End PBXBuildFile section */

/* Begin PBXFileReference section */
		3FCA7FF9253BAD4FAE478CE3 /* Pods-pokedex.debug.xcconfig */ = {isa = PBXFileReference; includeInIndex = 1; lastKnownFileType = text.xcconfig; name = "Pods-pokedex.debug.xcconfig"; path = "Target Support Files/Pods-pokedex/Pods-pokedex.debug.xcconfig"; sourceTree = "<group>"; };
		4022000024F0A0D800FF9850 /* AppDelegate.swift */ = {isa = PBXFileReference; lastKnownFileType = sourcecode.swift; path = AppDelegate.swift; sourceTree = "<group>"; };
		4022000224F0A0D800FF9850 /* SceneDelegate.swift */ = {isa = PBXFileReference; lastKnownFileType = sourcecode.swift; path = SceneDelegate.swift; sourceTree = "<group>"; };
		4022000424F0A0D800FF9850 /* ViewController.swift */ = {isa = PBXFileReference; lastKnownFileType = sourcecode.swift; path = ViewController.swift; sourceTree = "<group>"; };
		4022000724F0A0D800FF9850 /* Base */ = {isa = PBXFileReference; lastKnownFileType = file.storyboard; name = Base; path = Base.lproj/Main.storyboard; sourceTree = "<group>"; };
		4022000924F0A0DC00FF9850 /* Assets.xcassets */ = {isa = PBXFileReference; lastKnownFileType = folder.assetcatalog; path = Assets.xcassets; sourceTree = "<group>"; };
		4022000C24F0A0DC00FF9850 /* Base */ = {isa = PBXFileReference; lastKnownFileType = file.storyboard; name = Base; path = Base.lproj/LaunchScreen.storyboard; sourceTree = "<group>"; };
		4022000E24F0A0DC00FF9850 /* Info.plist */ = {isa = PBXFileReference; lastKnownFileType = text.plist.xml; path = Info.plist; sourceTree = "<group>"; };
		4022001A24F0F1CC00FF9850 /* PokemonTableViewCell.swift */ = {isa = PBXFileReference; lastKnownFileType = sourcecode.swift; path = PokemonTableViewCell.swift; sourceTree = "<group>"; };
		4022FFFD24F0A0D800FF9850 /* pokedex.app */ = {isa = PBXFileReference; explicitFileType = wrapper.application; includeInIndex = 0; path = pokedex.app; sourceTree = BUILT_PRODUCTS_DIR; };
		40C948B0256ADCC800DE7510 /* Util.swift */ = {isa = PBXFileReference; lastKnownFileType = sourcecode.swift; path = Util.swift; sourceTree = "<group>"; };
		40C948B9256ADD6D00DE7510 /* PokemonStruct.swift */ = {isa = PBXFileReference; lastKnownFileType = sourcecode.swift; path = PokemonStruct.swift; sourceTree = "<group>"; };
		40C948BD256AE17300DE7510 /* PokemonController.swift */ = {isa = PBXFileReference; lastKnownFileType = sourcecode.swift; path = PokemonController.swift; sourceTree = "<group>"; };
		40C948C1256AE1E800DE7510 /* Constants.swift */ = {isa = PBXFileReference; lastKnownFileType = sourcecode.swift; path = Constants.swift; sourceTree = "<group>"; };
		40C948D0256AF76500DE7510 /* PokemonListViewController.swift */ = {isa = PBXFileReference; lastKnownFileType = sourcecode.swift; path = PokemonListViewController.swift; sourceTree = "<group>"; };
		40DDC0F2256B138B00E4BCFD /* CardView.swift */ = {isa = PBXFileReference; lastKnownFileType = sourcecode.swift; path = CardView.swift; sourceTree = "<group>"; };
		40DDC0F5256B139E00E4BCFD /* GradientView.swift */ = {isa = PBXFileReference; lastKnownFileType = sourcecode.swift; path = GradientView.swift; sourceTree = "<group>"; };
		CA890D4C65FC78E95F668519 /* Pods-pokedex.release.xcconfig */ = {isa = PBXFileReference; includeInIndex = 1; lastKnownFileType = text.xcconfig; name = "Pods-pokedex.release.xcconfig"; path = "Target Support Files/Pods-pokedex/Pods-pokedex.release.xcconfig"; sourceTree = "<group>"; };
		F024D291D0C9413E5D159301 /* Pods_pokedex.framework */ = {isa = PBXFileReference; explicitFileType = wrapper.framework; includeInIndex = 0; path = Pods_pokedex.framework; sourceTree = BUILT_PRODUCTS_DIR; };
/* End PBXFileReference section */

/* Begin PBXFrameworksBuildPhase section */
		4022FFFA24F0A0D800FF9850 /* Frameworks */ = {
			isa = PBXFrameworksBuildPhase;
			buildActionMask = 2147483647;
			files = (
				8B85EC597DA62DD4DB32FF57 /* Pods_pokedex.framework in Frameworks */,
			);
			runOnlyForDeploymentPostprocessing = 0;
		};
/* End PBXFrameworksBuildPhase section */

/* Begin PBXGroup section */
		3296E54CB59C8AFA726E750B /* Frameworks */ = {
			isa = PBXGroup;
			children = (
				F024D291D0C9413E5D159301 /* Pods_pokedex.framework */,
			);
			name = Frameworks;
			sourceTree = "<group>";
		};
		4022FFF424F0A0D800FF9850 = {
			isa = PBXGroup;
			children = (
				4022FFFF24F0A0D800FF9850 /* pokedex */,
				4022FFFE24F0A0D800FF9850 /* Products */,
				F8B3956B91B2666093EF1D6F /* Pods */,
				3296E54CB59C8AFA726E750B /* Frameworks */,
			);
			sourceTree = "<group>";
		};
		4022FFFE24F0A0D800FF9850 /* Products */ = {
			isa = PBXGroup;
			children = (
				4022FFFD24F0A0D800FF9850 /* pokedex.app */,
			);
			name = Products;
			sourceTree = "<group>";
		};
		4022FFFF24F0A0D800FF9850 /* pokedex */ = {
			isa = PBXGroup;
			children = (
				40C948B8256ADD3400DE7510 /* cell */,
				40C948B7256ADD1C00DE7510 /* api */,
				40C948B6256ADD1800DE7510 /* view */,
				40C948B5256ADD0E00DE7510 /* model */,
				40C948AF256ADCB800DE7510 /* util */,
				4022000024F0A0D800FF9850 /* AppDelegate.swift */,
				4022000224F0A0D800FF9850 /* SceneDelegate.swift */,
				4022000424F0A0D800FF9850 /* ViewController.swift */,
				4022000624F0A0D800FF9850 /* Main.storyboard */,
				4022000924F0A0DC00FF9850 /* Assets.xcassets */,
				4022000B24F0A0DC00FF9850 /* LaunchScreen.storyboard */,
				4022000E24F0A0DC00FF9850 /* Info.plist */,
			);
			path = pokedex;
			sourceTree = "<group>";
		};
		40C948AF256ADCB800DE7510 /* util */ = {
			isa = PBXGroup;
			children = (
				40DDC0F1256B137700E4BCFD /* ui */,
				40C948B0256ADCC800DE7510 /* Util.swift */,
				40C948C1256AE1E800DE7510 /* Constants.swift */,
			);
			path = util;
			sourceTree = "<group>";
		};
		40C948B5256ADD0E00DE7510 /* model */ = {
			isa = PBXGroup;
			children = (
				40C948B9256ADD6D00DE7510 /* PokemonStruct.swift */,
			);
			path = model;
			sourceTree = "<group>";
		};
		40C948B6256ADD1800DE7510 /* view */ = {
			isa = PBXGroup;
			children = (
				40C948D0256AF76500DE7510 /* PokemonListViewController.swift */,
			);
			path = view;
			sourceTree = "<group>";
		};
		40C948B7256ADD1C00DE7510 /* api */ = {
			isa = PBXGroup;
			children = (
				40C948BD256AE17300DE7510 /* PokemonController.swift */,
			);
			path = api;
			sourceTree = "<group>";
		};
		40C948B8256ADD3400DE7510 /* cell */ = {
			isa = PBXGroup;
			children = (
				4022001A24F0F1CC00FF9850 /* PokemonTableViewCell.swift */,
			);
			path = cell;
			sourceTree = "<group>";
		};
		40DDC0F1256B137700E4BCFD /* ui */ = {
			isa = PBXGroup;
			children = (
				40DDC0F2256B138B00E4BCFD /* CardView.swift */,
				40DDC0F5256B139E00E4BCFD /* GradientView.swift */,
			);
			path = ui;
			sourceTree = "<group>";
		};
		F8B3956B91B2666093EF1D6F /* Pods */ = {
			isa = PBXGroup;
			children = (
				3FCA7FF9253BAD4FAE478CE3 /* Pods-pokedex.debug.xcconfig */,
				CA890D4C65FC78E95F668519 /* Pods-pokedex.release.xcconfig */,
			);
			path = Pods;
			sourceTree = "<group>";
		};
/* End PBXGroup section */

/* Begin PBXNativeTarget section */
		4022FFFC24F0A0D800FF9850 /* pokedex */ = {
			isa = PBXNativeTarget;
			buildConfigurationList = 4022001124F0A0DC00FF9850 /* Build configuration list for PBXNativeTarget "pokedex" */;
			buildPhases = (
				34532A8EDF40D5F4612E5346 /* [CP] Check Pods Manifest.lock */,
				4022FFF924F0A0D800FF9850 /* Sources */,
				4022FFFA24F0A0D800FF9850 /* Frameworks */,
				4022FFFB24F0A0D800FF9850 /* Resources */,
				968D84536B66B643C0289B72 /* [CP] Embed Pods Frameworks */,
			);
			buildRules = (
			);
			dependencies = (
			);
			name = pokedex;
			productName = pokedex;
			productReference = 4022FFFD24F0A0D800FF9850 /* pokedex.app */;
			productType = "com.apple.product-type.application";
		};
/* End PBXNativeTarget section */

/* Begin PBXProject section */
		4022FFF524F0A0D800FF9850 /* Project object */ = {
			isa = PBXProject;
			attributes = {
				LastSwiftUpdateCheck = 1160;
				LastUpgradeCheck = 1160;
				ORGANIZATIONNAME = "Italo Melo";
				TargetAttributes = {
					4022FFFC24F0A0D800FF9850 = {
						CreatedOnToolsVersion = 11.6;
					};
				};
			};
			buildConfigurationList = 4022FFF824F0A0D800FF9850 /* Build configuration list for PBXProject "pokedex" */;
			compatibilityVersion = "Xcode 9.3";
			developmentRegion = en;
			hasScannedForEncodings = 0;
			knownRegions = (
				en,
				Base,
			);
			mainGroup = 4022FFF424F0A0D800FF9850;
			productRefGroup = 4022FFFE24F0A0D800FF9850 /* Products */;
			projectDirPath = "";
			projectRoot = "";
			targets = (
				4022FFFC24F0A0D800FF9850 /* pokedex */,
			);
		};
/* End PBXProject section */

/* Begin PBXResourcesBuildPhase section */
		4022FFFB24F0A0D800FF9850 /* Resources */ = {
			isa = PBXResourcesBuildPhase;
			buildActionMask = 2147483647;
			files = (
				4022001924F0F16200FF9850 /* Main.storyboard in Resources */,
				4022000D24F0A0DC00FF9850 /* LaunchScreen.storyboard in Resources */,
				4022000A24F0A0DC00FF9850 /* Assets.xcassets in Resources */,
			);
			runOnlyForDeploymentPostprocessing = 0;
		};
/* End PBXResourcesBuildPhase section */

/* Begin PBXShellScriptBuildPhase section */
		34532A8EDF40D5F4612E5346 /* [CP] Check Pods Manifest.lock */ = {
			isa = PBXShellScriptBuildPhase;
			buildActionMask = 2147483647;
			files = (
			);
			inputFileListPaths = (
			);
			inputPaths = (
				"${PODS_PODFILE_DIR_PATH}/Podfile.lock",
				"${PODS_ROOT}/Manifest.lock",
			);
			name = "[CP] Check Pods Manifest.lock";
			outputFileListPaths = (
			);
			outputPaths = (
				"$(DERIVED_FILE_DIR)/Pods-pokedex-checkManifestLockResult.txt",
			);
			runOnlyForDeploymentPostprocessing = 0;
			shellPath = /bin/sh;
			shellScript = "diff \"${PODS_PODFILE_DIR_PATH}/Podfile.lock\" \"${PODS_ROOT}/Manifest.lock\" > /dev/null\nif [ $? != 0 ] ; then\n    # print error to STDERR\n    echo \"error: The sandbox is not in sync with the Podfile.lock. Run 'pod install' or update your CocoaPods installation.\" >&2\n    exit 1\nfi\n# This output is used by Xcode 'outputs' to avoid re-running this script phase.\necho \"SUCCESS\" > \"${SCRIPT_OUTPUT_FILE_0}\"\n";
			showEnvVarsInLog = 0;
		};
		968D84536B66B643C0289B72 /* [CP] Embed Pods Frameworks */ = {
			isa = PBXShellScriptBuildPhase;
			buildActionMask = 2147483647;
			files = (
			);
			inputFileListPaths = (
				"${PODS_ROOT}/Target Support Files/Pods-pokedex/Pods-pokedex-frameworks-${CONFIGURATION}-input-files.xcfilelist",
			);
			name = "[CP] Embed Pods Frameworks";
			outputFileListPaths = (
				"${PODS_ROOT}/Target Support Files/Pods-pokedex/Pods-pokedex-frameworks-${CONFIGURATION}-output-files.xcfilelist",
			);
			runOnlyForDeploymentPostprocessing = 0;
			shellPath = /bin/sh;
			shellScript = "\"${PODS_ROOT}/Target Support Files/Pods-pokedex/Pods-pokedex-frameworks.sh\"\n";
			showEnvVarsInLog = 0;
		};
/* End PBXShellScriptBuildPhase section */

/* Begin PBXSourcesBuildPhase section */
		4022FFF924F0A0D800FF9850 /* Sources */ = {
			isa = PBXSourcesBuildPhase;
			buildActionMask = 2147483647;
			files = (
				40C948BA256ADD6D00DE7510 /* PokemonStruct.swift in Sources */,
				40C948BE256AE17300DE7510 /* PokemonController.swift in Sources */,
				40DDC0F6256B139E00E4BCFD /* GradientView.swift in Sources */,
				4022000124F0A0D800FF9850 /* AppDelegate.swift in Sources */,
				4022001B24F0F1CC00FF9850 /* PokemonTableViewCell.swift in Sources */,
				40DDC0F3256B138B00E4BCFD /* CardView.swift in Sources */,
				40C948B1256ADCC800DE7510 /* Util.swift in Sources */,
				4022001824F0EE0B00FF9850 /* ViewController.swift in Sources */,
				4022000324F0A0D800FF9850 /* SceneDelegate.swift in Sources */,
				40C948C2256AE1E800DE7510 /* Constants.swift in Sources */,
				40C948D1256AF76500DE7510 /* PokemonListViewController.swift in Sources */,
			);
			runOnlyForDeploymentPostprocessing = 0;
		};
/* End PBXSourcesBuildPhase section */

/* Begin PBXVariantGroup section */
		4022000624F0A0D800FF9850 /* Main.storyboard */ = {
			isa = PBXVariantGroup;
			children = (
				4022000724F0A0D800FF9850 /* Base */,
			);
			name = Main.storyboard;
			sourceTree = "<group>";
		};
		4022000B24F0A0DC00FF9850 /* LaunchScreen.storyboard */ = {
			isa = PBXVariantGroup;
			children = (
				4022000C24F0A0DC00FF9850 /* Base */,
			);
			name = LaunchScreen.storyboard;
			sourceTree = "<group>";
		};
/* End PBXVariantGroup section */

/* Begin XCBuildConfiguration section */
		4022000F24F0A0DC00FF9850 /* Debug */ = {
			isa = XCBuildConfiguration;
			buildSettings = {
				ALWAYS_SEARCH_USER_PATHS = NO;
				CLANG_ANALYZER_NONNULL = YES;
				CLANG_ANALYZER_NUMBER_OBJECT_CONVERSION = YES_AGGRESSIVE;
				CLANG_CXX_LANGUAGE_STANDARD = "gnu++14";
				CLANG_CXX_LIBRARY = "libc++";
				CLANG_ENABLE_MODULES = YES;
				CLANG_ENABLE_OBJC_ARC = YES;
				CLANG_ENABLE_OBJC_WEAK = YES;
				CLANG_WARN_BLOCK_CAPTURE_AUTORELEASING = YES;
				CLANG_WARN_BOOL_CONVERSION = YES;
				CLANG_WARN_COMMA = YES;
				CLANG_WARN_CONSTANT_CONVERSION = YES;
				CLANG_WARN_DEPRECATED_OBJC_IMPLEMENTATIONS = YES;
				CLANG_WARN_DIRECT_OBJC_ISA_USAGE = YES_ERROR;
				CLANG_WARN_DOCUMENTATION_COMMENTS = YES;
				CLANG_WARN_EMPTY_BODY = YES;
				CLANG_WARN_ENUM_CONVERSION = YES;
				CLANG_WARN_INFINITE_RECURSION = YES;
				CLANG_WARN_INT_CONVERSION = YES;
				CLANG_WARN_NON_LITERAL_NULL_CONVERSION = YES;
				CLANG_WARN_OBJC_IMPLICIT_RETAIN_SELF = YES;
				CLANG_WARN_OBJC_LITERAL_CONVERSION = YES;
				CLANG_WARN_OBJC_ROOT_CLASS = YES_ERROR;
				CLANG_WARN_RANGE_LOOP_ANALYSIS = YES;
				CLANG_WARN_STRICT_PROTOTYPES = YES;
				CLANG_WARN_SUSPICIOUS_MOVE = YES;
				CLANG_WARN_UNGUARDED_AVAILABILITY = YES_AGGRESSIVE;
				CLANG_WARN_UNREACHABLE_CODE = YES;
				CLANG_WARN__DUPLICATE_METHOD_MATCH = YES;
				COPY_PHASE_STRIP = NO;
				DEBUG_INFORMATION_FORMAT = dwarf;
				ENABLE_STRICT_OBJC_MSGSEND = YES;
				ENABLE_TESTABILITY = YES;
				GCC_C_LANGUAGE_STANDARD = gnu11;
				GCC_DYNAMIC_NO_PIC = NO;
				GCC_NO_COMMON_BLOCKS = YES;
				GCC_OPTIMIZATION_LEVEL = 0;
				GCC_PREPROCESSOR_DEFINITIONS = (
					"DEBUG=1",
					"$(inherited)",
				);
				GCC_WARN_64_TO_32_BIT_CONVERSION = YES;
				GCC_WARN_ABOUT_RETURN_TYPE = YES_ERROR;
				GCC_WARN_UNDECLARED_SELECTOR = YES;
				GCC_WARN_UNINITIALIZED_AUTOS = YES_AGGRESSIVE;
				GCC_WARN_UNUSED_FUNCTION = YES;
				GCC_WARN_UNUSED_VARIABLE = YES;
				IPHONEOS_DEPLOYMENT_TARGET = 13.6;
				MTL_ENABLE_DEBUG_INFO = INCLUDE_SOURCE;
				MTL_FAST_MATH = YES;
				ONLY_ACTIVE_ARCH = YES;
				SDKROOT = iphoneos;
				SWIFT_ACTIVE_COMPILATION_CONDITIONS = DEBUG;
				SWIFT_OPTIMIZATION_LEVEL = "-Onone";
			};
			name = Debug;
		};
		4022001024F0A0DC00FF9850 /* Release */ = {
			isa = XCBuildConfiguration;
			buildSettings = {
				ALWAYS_SEARCH_USER_PATHS = NO;
				CLANG_ANALYZER_NONNULL = YES;
				CLANG_ANALYZER_NUMBER_OBJECT_CONVERSION = YES_AGGRESSIVE;
				CLANG_CXX_LANGUAGE_STANDARD = "gnu++14";
				CLANG_CXX_LIBRARY = "libc++";
				CLANG_ENABLE_MODULES = YES;
				CLANG_ENABLE_OBJC_ARC = YES;
				CLANG_ENABLE_OBJC_WEAK = YES;
				CLANG_WARN_BLOCK_CAPTURE_AUTORELEASING = YES;
				CLANG_WARN_BOOL_CONVERSION = YES;
				CLANG_WARN_COMMA = YES;
				CLANG_WARN_CONSTANT_CONVERSION = YES;
				CLANG_WARN_DEPRECATED_OBJC_IMPLEMENTATIONS = YES;
				CLANG_WARN_DIRECT_OBJC_ISA_USAGE = YES_ERROR;
				CLANG_WARN_DOCUMENTATION_COMMENTS = YES;
				CLANG_WARN_EMPTY_BODY = YES;
				CLANG_WARN_ENUM_CONVERSION = YES;
				CLANG_WARN_INFINITE_RECURSION = YES;
				CLANG_WARN_INT_CONVERSION = YES;
				CLANG_WARN_NON_LITERAL_NULL_CONVERSION = YES;
				CLANG_WARN_OBJC_IMPLICIT_RETAIN_SELF = YES;
				CLANG_WARN_OBJC_LITERAL_CONVERSION = YES;
				CLANG_WARN_OBJC_ROOT_CLASS = YES_ERROR;
				CLANG_WARN_RANGE_LOOP_ANALYSIS = YES;
				CLANG_WARN_STRICT_PROTOTYPES = YES;
				CLANG_WARN_SUSPICIOUS_MOVE = YES;
				CLANG_WARN_UNGUARDED_AVAILABILITY = YES_AGGRESSIVE;
				CLANG_WARN_UNREACHABLE_CODE = YES;
				CLANG_WARN__DUPLICATE_METHOD_MATCH = YES;
				COPY_PHASE_STRIP = NO;
				DEBUG_INFORMATION_FORMAT = "dwarf-with-dsym";
				ENABLE_NS_ASSERTIONS = NO;
				ENABLE_STRICT_OBJC_MSGSEND = YES;
				GCC_C_LANGUAGE_STANDARD = gnu11;
				GCC_NO_COMMON_BLOCKS = YES;
				GCC_WARN_64_TO_32_BIT_CONVERSION = YES;
				GCC_WARN_ABOUT_RETURN_TYPE = YES_ERROR;
				GCC_WARN_UNDECLARED_SELECTOR = YES;
				GCC_WARN_UNINITIALIZED_AUTOS = YES_AGGRESSIVE;
				GCC_WARN_UNUSED_FUNCTION = YES;
				GCC_WARN_UNUSED_VARIABLE = YES;
				IPHONEOS_DEPLOYMENT_TARGET = 13.6;
				MTL_ENABLE_DEBUG_INFO = NO;
				MTL_FAST_MATH = YES;
				SDKROOT = iphoneos;
				SWIFT_COMPILATION_MODE = wholemodule;
				SWIFT_OPTIMIZATION_LEVEL = "-O";
				VALIDATE_PRODUCT = YES;
			};
			name = Release;
		};
		4022001224F0A0DC00FF9850 /* Debug */ = {
			isa = XCBuildConfiguration;
			baseConfigurationReference = 3FCA7FF9253BAD4FAE478CE3 /* Pods-pokedex.debug.xcconfig */;
			buildSettings = {
				ASSETCATALOG_COMPILER_APPICON_NAME = AppIcon;
				CODE_SIGN_STYLE = Automatic;
				DEVELOPMENT_TEAM = AFBH9Z67M2;
				INFOPLIST_FILE = pokedex/Info.plist;
				IPHONEOS_DEPLOYMENT_TARGET = 10.0;
				LD_RUNPATH_SEARCH_PATHS = (
					"$(inherited)",
					"@executable_path/Frameworks",
				);
				PRODUCT_BUNDLE_IDENTIFIER = dev.italomelo.pokedex;
				PRODUCT_NAME = "$(TARGET_NAME)";
				SWIFT_VERSION = 5.0;
				TARGETED_DEVICE_FAMILY = 1;
			};
			name = Debug;
		};
		4022001324F0A0DC00FF9850 /* Release */ = {
			isa = XCBuildConfiguration;
			baseConfigurationReference = CA890D4C65FC78E95F668519 /* Pods-pokedex.release.xcconfig */;
			buildSettings = {
				ASSETCATALOG_COMPILER_APPICON_NAME = AppIcon;
				CODE_SIGN_STYLE = Automatic;
				DEVELOPMENT_TEAM = AFBH9Z67M2;
				INFOPLIST_FILE = pokedex/Info.plist;
				IPHONEOS_DEPLOYMENT_TARGET = 10.0;
				LD_RUNPATH_SEARCH_PATHS = (
					"$(inherited)",
					"@executable_path/Frameworks",
				);
				PRODUCT_BUNDLE_IDENTIFIER = dev.italomelo.pokedex;
				PRODUCT_NAME = "$(TARGET_NAME)";
				SWIFT_VERSION = 5.0;
				TARGETED_DEVICE_FAMILY = 1;
			};
			name = Release;
		};
/* End XCBuildConfiguration section */

/* Begin XCConfigurationList section */
		4022001124F0A0DC00FF9850 /* Build configuration list for PBXNativeTarget "pokedex" */ = {
			isa = XCConfigurationList;
			buildConfigurations = (
				4022001224F0A0DC00FF9850 /* Debug */,
				4022001324F0A0DC00FF9850 /* Release */,
			);
			defaultConfigurationIsVisible = 0;
			defaultConfigurationName = Release;
		};
		4022FFF824F0A0D800FF9850 /* Build configuration list for PBXProject "pokedex" */ = {
			isa = XCConfigurationList;
			buildConfigurations = (
				4022000F24F0A0DC00FF9850 /* Debug */,
				4022001024F0A0DC00FF9850 /* Release */,
			);
			defaultConfigurationIsVisible = 0;
			defaultConfigurationName = Release;
		};
/* End XCConfigurationList section */
	};
	rootObject = 4022FFF524F0A0D800FF9850 /* Project object */;
}
